
Microsoft Visual Studio Solution File, Format Version 12.00
# Visual Studio Version 16
VisualStudioVersion = 16.0.29728.190
MinimumVisualStudioVersion = 10.0.40219.1
Project("{FAE04EC0-301F-11D3-BF4B-00C04F79EFBC}") = "LeetCode.Solutions", "LeetCode.Solutions\LeetCode.Solutions.csproj", "{4181E2AF-4954-4D11-9C8B-B3E66A23E567}"
EndProject
Global
	GlobalSection(SolutionConfigurationPlatforms) = preSolution
		Debug|Any CPU = Debug|Any CPU
		Release|Any CPU = Release|Any CPU
	EndGlobalSection
	GlobalSection(ProjectConfigurationPlatforms) = postSolution
		{4181E2AF-4954-4D11-9C8B-B3E66A23E567}.Debug|Any CPU.ActiveCfg = Debug|Any CPU
		{4181E2AF-4954-4D11-9C8B-B3E66A23E567}.Debug|Any CPU.Build.0 = Debug|Any CPU
		{4181E2AF-4954-4D11-9C8B-B3E66A23E567}.Release|Any CPU.ActiveCfg = Release|Any CPU
		{4181E2AF-4954-4D11-9C8B-B3E66A23E567}.Release|Any CPU.Build.0 = Release|Any CPU
	EndGlobalSection
	GlobalSection(SolutionProperties) = preSolution
		HideSolutionNode = FALSE
	EndGlobalSection
	GlobalSection(ExtensibilityGlobals) = postSolution
		SolutionGuid = {BB2C284A-91DA-47C1-811E-EC040C5C3778}
	EndGlobalSection
EndGlobal
